
Microsoft Visual Studio Solution File, Format Version 12.00
Project("{FAE04EC0-301F-11D3-BF4B-00C04F79EFBC}") = "JoinNotifier", "JoinNotifier\JoinNotifier.csproj", "{C874139C-FABC-4D70-9EEA-49DCBEE699DF}"
EndProject
Project("{2150E333-8FDC-42A3-9474-1A3956D46DE8}") = "Solution Items", "Solution Items", "{F70C2A5E-41A4-481E-8666-243A82F93E40}"
ProjectSection(SolutionItems) = preProject
	.gitignore = .gitignore
	Directory.Build.props = Directory.Build.props
	README.md = README.md
EndProjectSection
EndProject
Project("{FAE04EC0-301F-11D3-BF4B-00C04F79EFBC}") = "RuntimeGraphicsSettings", "RuntimeGraphicsSettings\RuntimeGraphicsSettings.csproj", "{39CB71E8-FB05-492F-8F29-96D1FB803E8D}"
EndProject
Project("{FAE04EC0-301F-11D3-BF4B-00C04F79EFBC}") = "CoreLimiter", "CoreLimiter\CoreLimiter.csproj", "{50445B9D-72EB-4138-A2D8-922A95CF7184}"
EndProject
Project("{FAE04EC0-301F-11D3-BF4B-00C04F79EFBC}") = "UIExpansionKit", "UIExpansionKit\UIExpansionKit.csproj", "{85B11D98-E013-4E5D-95F3-5437DE63ACF4}"
EndProject
Project("{FAE04EC0-301F-11D3-BF4B-00C04F79EFBC}") = "MirrorResolutionUnlimiter", "MirrorResolutionUnlimiter\MirrorResolutionUnlimiter.csproj", "{C43A909B-85B4-460F-BD6C-976C0EEF73DE}"
EndProject
Project("{FAE04EC0-301F-11D3-BF4B-00C04F79EFBC}") = "HWIDPatch", "HWIDPatch\HWIDPatch.csproj", "{8C524F7B-6C83-48B4-B262-7C048DAFDA27}"
EndProject
Project("{FAE04EC0-301F-11D3-BF4B-00C04F79EFBC}") = "SparkleBeGone", "SparkleBeGone\SparkleBeGone.csproj", "{5DA19CEB-F684-4916-B8AD-9FFE286A4D63}"
EndProject
Project("{FAE04EC0-301F-11D3-BF4B-00C04F79EFBC}") = "EmojiPageButtons", "EmojiPageButtons\EmojiPageButtons.csproj", "{73742AF8-B9ED-420E-9C50-2213DCC9EA3C}"
EndProject
Project("{FAE04EC0-301F-11D3-BF4B-00C04F79EFBC}") = "CameraMinus", "CameraMinus\CameraMinus.csproj", "{4A6FC5B5-CEBA-4385-AB4B-F1B2DBA09DA7}"
EndProject
Project("{FAE04EC0-301F-11D3-BF4B-00C04F79EFBC}") = "AdvancedSafety", "AdvancedSafety\AdvancedSafety.csproj", "{0D678D2D-D094-42D5-AD52-BACD1EEE4A20}"
EndProject
Project("{FAE04EC0-301F-11D3-BF4B-00C04F79EFBC}") = "ParticleAndBoneLimiterSettings", "ParticleAndBoneLimiterSettings\ParticleAndBoneLimiterSettings.csproj", "{B728D26B-01CC-4880-B9DF-0BB141BD80AB}"
EndProject
Project("{FAE04EC0-301F-11D3-BF4B-00C04F79EFBC}") = "NoSteamAtAll", "NoSteamAtAll\NoSteamAtAll.csproj", "{2BE973E0-E16C-4BAF-9266-E58304C24637}"
EndProject
Project("{FAE04EC0-301F-11D3-BF4B-00C04F79EFBC}") = "LocalPlayerPrefs", "LocalPlayerPrefs\LocalPlayerPrefs.csproj", "{0DF69680-B5E0-4E1F-A047-634160E0E0E8}"
EndProject
Project("{FAE04EC0-301F-11D3-BF4B-00C04F79EFBC}") = "Finitizer", "Finitizer\Finitizer.csproj", "{C79764DC-E140-4E43-8BF8-BB8369AB14E5}"
EndProject
Global
	GlobalSection(SolutionConfigurationPlatforms) = preSolution
		Debug|Any CPU = Debug|Any CPU
		Release|Any CPU = Release|Any CPU
	EndGlobalSection
	GlobalSection(ProjectConfigurationPlatforms) = postSolution
		{C874139C-FABC-4D70-9EEA-49DCBEE699DF}.Debug|Any CPU.ActiveCfg = Debug|Any CPU
		{C874139C-FABC-4D70-9EEA-49DCBEE699DF}.Debug|Any CPU.Build.0 = Debug|Any CPU
		{C874139C-FABC-4D70-9EEA-49DCBEE699DF}.Release|Any CPU.ActiveCfg = Release|Any CPU
		{C874139C-FABC-4D70-9EEA-49DCBEE699DF}.Release|Any CPU.Build.0 = Release|Any CPU
		{39CB71E8-FB05-492F-8F29-96D1FB803E8D}.Debug|Any CPU.ActiveCfg = Debug|Any CPU
		{39CB71E8-FB05-492F-8F29-96D1FB803E8D}.Debug|Any CPU.Build.0 = Debug|Any CPU
		{39CB71E8-FB05-492F-8F29-96D1FB803E8D}.Release|Any CPU.ActiveCfg = Release|Any CPU
		{39CB71E8-FB05-492F-8F29-96D1FB803E8D}.Release|Any CPU.Build.0 = Release|Any CPU
		{50445B9D-72EB-4138-A2D8-922A95CF7184}.Debug|Any CPU.ActiveCfg = Debug|Any CPU
		{50445B9D-72EB-4138-A2D8-922A95CF7184}.Debug|Any CPU.Build.0 = Debug|Any CPU
		{50445B9D-72EB-4138-A2D8-922A95CF7184}.Release|Any CPU.ActiveCfg = Release|Any CPU
		{50445B9D-72EB-4138-A2D8-922A95CF7184}.Release|Any CPU.Build.0 = Release|Any CPU
		{85B11D98-E013-4E5D-95F3-5437DE63ACF4}.Debug|Any CPU.ActiveCfg = Debug|Any CPU
		{85B11D98-E013-4E5D-95F3-5437DE63ACF4}.Debug|Any CPU.Build.0 = Debug|Any CPU
		{85B11D98-E013-4E5D-95F3-5437DE63ACF4}.Release|Any CPU.ActiveCfg = Release|Any CPU
		{85B11D98-E013-4E5D-95F3-5437DE63ACF4}.Release|Any CPU.Build.0 = Release|Any CPU
		{C43A909B-85B4-460F-BD6C-976C0EEF73DE}.Debug|Any CPU.ActiveCfg = Debug|Any CPU
		{C43A909B-85B4-460F-BD6C-976C0EEF73DE}.Debug|Any CPU.Build.0 = Debug|Any CPU
		{C43A909B-85B4-460F-BD6C-976C0EEF73DE}.Release|Any CPU.ActiveCfg = Release|Any CPU
		{C43A909B-85B4-460F-BD6C-976C0EEF73DE}.Release|Any CPU.Build.0 = Release|Any CPU
		{8C524F7B-6C83-48B4-B262-7C048DAFDA27}.Debug|Any CPU.ActiveCfg = Debug|Any CPU
		{8C524F7B-6C83-48B4-B262-7C048DAFDA27}.Debug|Any CPU.Build.0 = Debug|Any CPU
		{8C524F7B-6C83-48B4-B262-7C048DAFDA27}.Release|Any CPU.ActiveCfg = Release|Any CPU
		{8C524F7B-6C83-48B4-B262-7C048DAFDA27}.Release|Any CPU.Build.0 = Release|Any CPU
		{5DA19CEB-F684-4916-B8AD-9FFE286A4D63}.Debug|Any CPU.ActiveCfg = Debug|Any CPU
		{5DA19CEB-F684-4916-B8AD-9FFE286A4D63}.Debug|Any CPU.Build.0 = Debug|Any CPU
		{5DA19CEB-F684-4916-B8AD-9FFE286A4D63}.Release|Any CPU.ActiveCfg = Release|Any CPU
		{5DA19CEB-F684-4916-B8AD-9FFE286A4D63}.Release|Any CPU.Build.0 = Release|Any CPU
		{73742AF8-B9ED-420E-9C50-2213DCC9EA3C}.Debug|Any CPU.ActiveCfg = Debug|Any CPU
		{73742AF8-B9ED-420E-9C50-2213DCC9EA3C}.Debug|Any CPU.Build.0 = Debug|Any CPU
		{73742AF8-B9ED-420E-9C50-2213DCC9EA3C}.Release|Any CPU.ActiveCfg = Release|Any CPU
		{73742AF8-B9ED-420E-9C50-2213DCC9EA3C}.Release|Any CPU.Build.0 = Release|Any CPU
		{4A6FC5B5-CEBA-4385-AB4B-F1B2DBA09DA7}.Debug|Any CPU.ActiveCfg = Debug|Any CPU
		{4A6FC5B5-CEBA-4385-AB4B-F1B2DBA09DA7}.Debug|Any CPU.Build.0 = Debug|Any CPU
		{4A6FC5B5-CEBA-4385-AB4B-F1B2DBA09DA7}.Release|Any CPU.ActiveCfg = Release|Any CPU
		{4A6FC5B5-CEBA-4385-AB4B-F1B2DBA09DA7}.Release|Any CPU.Build.0 = Release|Any CPU
		{0D678D2D-D094-42D5-AD52-BACD1EEE4A20}.Debug|Any CPU.ActiveCfg = Debug|Any CPU
		{0D678D2D-D094-42D5-AD52-BACD1EEE4A20}.Debug|Any CPU.Build.0 = Debug|Any CPU
		{0D678D2D-D094-42D5-AD52-BACD1EEE4A20}.Release|Any CPU.ActiveCfg = Release|Any CPU
		{0D678D2D-D094-42D5-AD52-BACD1EEE4A20}.Release|Any CPU.Build.0 = Release|Any CPU
		{B728D26B-01CC-4880-B9DF-0BB141BD80AB}.Debug|Any CPU.ActiveCfg = Debug|Any CPU
		{B728D26B-01CC-4880-B9DF-0BB141BD80AB}.Debug|Any CPU.Build.0 = Debug|Any CPU
		{B728D26B-01CC-4880-B9DF-0BB141BD80AB}.Release|Any CPU.ActiveCfg = Release|Any CPU
		{B728D26B-01CC-4880-B9DF-0BB141BD80AB}.Release|Any CPU.Build.0 = Release|Any CPU
		{2BE973E0-E16C-4BAF-9266-E58304C24637}.Debug|Any CPU.ActiveCfg = Debug|Any CPU
		{2BE973E0-E16C-4BAF-9266-E58304C24637}.Debug|Any CPU.Build.0 = Debug|Any CPU
		{2BE973E0-E16C-4BAF-9266-E58304C24637}.Release|Any CPU.ActiveCfg = Release|Any CPU
		{2BE973E0-E16C-4BAF-9266-E58304C24637}.Release|Any CPU.Build.0 = Release|Any CPU
		{0DF69680-B5E0-4E1F-A047-634160E0E0E8}.Debug|Any CPU.ActiveCfg = Debug|Any CPU
		{0DF69680-B5E0-4E1F-A047-634160E0E0E8}.Debug|Any CPU.Build.0 = Debug|Any CPU
		{0DF69680-B5E0-4E1F-A047-634160E0E0E8}.Release|Any CPU.ActiveCfg = Release|Any CPU
		{0DF69680-B5E0-4E1F-A047-634160E0E0E8}.Release|Any CPU.Build.0 = Release|Any CPU
		{C79764DC-E140-4E43-8BF8-BB8369AB14E5}.Debug|Any CPU.ActiveCfg = Debug|Any CPU
		{C79764DC-E140-4E43-8BF8-BB8369AB14E5}.Debug|Any CPU.Build.0 = Debug|Any CPU
		{C79764DC-E140-4E43-8BF8-BB8369AB14E5}.Release|Any CPU.ActiveCfg = Release|Any CPU
		{C79764DC-E140-4E43-8BF8-BB8369AB14E5}.Release|Any CPU.Build.0 = Release|Any CPU
	EndGlobalSection
EndGlobal
